
Microsoft Visual Studio Solution File, Format Version 12.00
# Visual Studio Version 17
VisualStudioVersion = 17.2.32519.379
MinimumVisualStudioVersion = 10.0.40219.1
Project("{FAE04EC0-301F-11D3-BF4B-00C04F79EFBC}") = "Demo.SQS.Fornecedor", "Demo.SQS.Fornecedor\Demo.SQS.Fornecedor.csproj", "{79E4BA4D-653F-4012-8D50-3E48F8A36188}"
EndProject
Project("{FAE04EC0-301F-11D3-BF4B-00C04F79EFBC}") = "Demo.SQS.Consumidor", "Demo.SQS.Consumidor\Demo.SQS.Consumidor.csproj", "{CD193F9B-3401-4330-BEC9-58E8F700C8DA}"
EndProject
Global
	GlobalSection(SolutionConfigurationPlatforms) = preSolution
		Debug|Any CPU = Debug|Any CPU
		Release|Any CPU = Release|Any CPU
	EndGlobalSection
	GlobalSection(ProjectConfigurationPlatforms) = postSolution
		{79E4BA4D-653F-4012-8D50-3E48F8A36188}.Debug|Any CPU.ActiveCfg = Debug|Any CPU
		{79E4BA4D-653F-4012-8D50-3E48F8A36188}.Debug|Any CPU.Build.0 = Debug|Any CPU
		{79E4BA4D-653F-4012-8D50-3E48F8A36188}.Release|Any CPU.ActiveCfg = Release|Any CPU
		{79E4BA4D-653F-4012-8D50-3E48F8A36188}.Release|Any CPU.Build.0 = Release|Any CPU
		{CD193F9B-3401-4330-BEC9-58E8F700C8DA}.Debug|Any CPU.ActiveCfg = Debug|Any CPU
		{CD193F9B-3401-4330-BEC9-58E8F700C8DA}.Debug|Any CPU.Build.0 = Debug|Any CPU
		{CD193F9B-3401-4330-BEC9-58E8F700C8DA}.Release|Any CPU.ActiveCfg = Release|Any CPU
		{CD193F9B-3401-4330-BEC9-58E8F700C8DA}.Release|Any CPU.Build.0 = Release|Any CPU
	EndGlobalSection
	GlobalSection(SolutionProperties) = preSolution
		HideSolutionNode = FALSE
	EndGlobalSection
	GlobalSection(ExtensibilityGlobals) = postSolution
		SolutionGuid = {C8FB27C8-CB3A-4F4C-B92B-4FDC5D00974D}
	EndGlobalSection
EndGlobal
